
Microsoft Visual Studio Solution File, Format Version 12.00
# Visual Studio Version 17
VisualStudioVersion = 17.0.31825.309
MinimumVisualStudioVersion = 10.0.40219.1
Project("{9A19103F-16F7-4668-BE54-9A1E7A4F7556}") = "CubeIntersection.API", "CubeIntersection.API\CubeIntersection.API.csproj", "{FBA58BD1-ED44-4279-A660-27B957EBD5C9}"
EndProject
Project("{9A19103F-16F7-4668-BE54-9A1E7A4F7556}") = "CubeIntersection.Application", "CubeIntersection.Application\CubeIntersection.Application.csproj", "{88785955-4FCB-4ABF-B27D-0A3E1EDCAB2A}"
EndProject
Project("{9A19103F-16F7-4668-BE54-9A1E7A4F7556}") = "CubeIntersection.Core", "CubeIntersection.Core\CubeIntersection.Core.csproj", "{44273DA5-0490-4143-88BD-39F79C2F3361}"
EndProject
Project("{9A19103F-16F7-4668-BE54-9A1E7A4F7556}") = "CubeIntersection.Infrastructure", "CubeIntersection.Infrastructure\CubeIntersection.Infrastructure.csproj", "{57EEE9C6-4C5C-4E7B-9277-687D50D9DEFE}"
EndProject
Project("{FAE04EC0-301F-11D3-BF4B-00C04F79EFBC}") = "CubeIntersection.Application.Contract", "CubeIntersection.Application.Contract\CubeIntersection.Application.Contract.csproj", "{9F124912-E286-4F18-8B43-2E1548A2D4D8}"
EndProject
Project("{FAE04EC0-301F-11D3-BF4B-00C04F79EFBC}") = "CubeIntersection.Infrastructure.Contract", "CubeIntersection.Core.Contract\CubeIntersection.Infrastructure.Contract.csproj", "{A8E901C2-BB2E-441B-A145-7247E138C6E1}"
EndProject
Global
	GlobalSection(SolutionConfigurationPlatforms) = preSolution
		Debug|Any CPU = Debug|Any CPU
		Release|Any CPU = Release|Any CPU
	EndGlobalSection
	GlobalSection(ProjectConfigurationPlatforms) = postSolution
		{FBA58BD1-ED44-4279-A660-27B957EBD5C9}.Debug|Any CPU.ActiveCfg = Debug|Any CPU
		{FBA58BD1-ED44-4279-A660-27B957EBD5C9}.Debug|Any CPU.Build.0 = Debug|Any CPU
		{FBA58BD1-ED44-4279-A660-27B957EBD5C9}.Release|Any CPU.ActiveCfg = Release|Any CPU
		{FBA58BD1-ED44-4279-A660-27B957EBD5C9}.Release|Any CPU.Build.0 = Release|Any CPU
		{88785955-4FCB-4ABF-B27D-0A3E1EDCAB2A}.Debug|Any CPU.ActiveCfg = Debug|Any CPU
		{88785955-4FCB-4ABF-B27D-0A3E1EDCAB2A}.Debug|Any CPU.Build.0 = Debug|Any CPU
		{88785955-4FCB-4ABF-B27D-0A3E1EDCAB2A}.Release|Any CPU.ActiveCfg = Release|Any CPU
		{88785955-4FCB-4ABF-B27D-0A3E1EDCAB2A}.Release|Any CPU.Build.0 = Release|Any CPU
		{44273DA5-0490-4143-88BD-39F79C2F3361}.Debug|Any CPU.ActiveCfg = Debug|Any CPU
		{44273DA5-0490-4143-88BD-39F79C2F3361}.Debug|Any CPU.Build.0 = Debug|Any CPU
		{44273DA5-0490-4143-88BD-39F79C2F3361}.Release|Any CPU.ActiveCfg = Release|Any CPU
		{44273DA5-0490-4143-88BD-39F79C2F3361}.Release|Any CPU.Build.0 = Release|Any CPU
		{57EEE9C6-4C5C-4E7B-9277-687D50D9DEFE}.Debug|Any CPU.ActiveCfg = Debug|Any CPU
		{57EEE9C6-4C5C-4E7B-9277-687D50D9DEFE}.Debug|Any CPU.Build.0 = Debug|Any CPU
		{57EEE9C6-4C5C-4E7B-9277-687D50D9DEFE}.Release|Any CPU.ActiveCfg = Release|Any CPU
		{57EEE9C6-4C5C-4E7B-9277-687D50D9DEFE}.Release|Any CPU.Build.0 = Release|Any CPU
		{9F124912-E286-4F18-8B43-2E1548A2D4D8}.Debug|Any CPU.ActiveCfg = Debug|Any CPU
		{9F124912-E286-4F18-8B43-2E1548A2D4D8}.Debug|Any CPU.Build.0 = Debug|Any CPU
		{9F124912-E286-4F18-8B43-2E1548A2D4D8}.Release|Any CPU.ActiveCfg = Release|Any CPU
		{9F124912-E286-4F18-8B43-2E1548A2D4D8}.Release|Any CPU.Build.0 = Release|Any CPU
		{A8E901C2-BB2E-441B-A145-7247E138C6E1}.Debug|Any CPU.ActiveCfg = Debug|Any CPU
		{A8E901C2-BB2E-441B-A145-7247E138C6E1}.Debug|Any CPU.Build.0 = Debug|Any CPU
		{A8E901C2-BB2E-441B-A145-7247E138C6E1}.Release|Any CPU.ActiveCfg = Release|Any CPU
		{A8E901C2-BB2E-441B-A145-7247E138C6E1}.Release|Any CPU.Build.0 = Release|Any CPU
	EndGlobalSection
	GlobalSection(SolutionProperties) = preSolution
		HideSolutionNode = FALSE
	EndGlobalSection
	GlobalSection(ExtensibilityGlobals) = postSolution
		SolutionGuid = {52D15A9C-B293-412C-9BA5-F0B52158C443}
	EndGlobalSection
EndGlobal
